
Microsoft Visual Studio Solution File, Format Version 12.00
# Visual Studio 2013
VisualStudioVersion = 12.0.31101.0
MinimumVisualStudioVersion = 10.0.40219.1
Project("{FAE04EC0-301F-11D3-BF4B-00C04F79EFBC}") = "MyOwinHost", "MyOwinHost\MyOwinHost.csproj", "{114B86EA-8518-4D5C-ADA5-E77A298B482C}"
EndProject
Global
	GlobalSection(SolutionConfigurationPlatforms) = preSolution
		Debug|Any CPU = Debug|Any CPU
		Release|Any CPU = Release|Any CPU
	EndGlobalSection
	GlobalSection(ProjectConfigurationPlatforms) = postSolution
		{114B86EA-8518-4D5C-ADA5-E77A298B482C}.Debug|Any CPU.ActiveCfg = Debug|Any CPU
		{114B86EA-8518-4D5C-ADA5-E77A298B482C}.Debug|Any CPU.Build.0 = Debug|Any CPU
		{114B86EA-8518-4D5C-ADA5-E77A298B482C}.Release|Any CPU.ActiveCfg = Release|Any CPU
		{114B86EA-8518-4D5C-ADA5-E77A298B482C}.Release|Any CPU.Build.0 = Release|Any CPU
	EndGlobalSection
	GlobalSection(SolutionProperties) = preSolution
		HideSolutionNode = FALSE
	EndGlobalSection
EndGlobal
